
Microsoft Visual Studio Solution File, Format Version 12.00
# Visual Studio Version 16
VisualStudioVersion = 16.0.31205.134
MinimumVisualStudioVersion = 10.0.40219.1
Project("{FAE04EC0-301F-11D3-BF4B-00C04F79EFBC}") = "AppQLBH", "AppQLBH\AppQLBH.csproj", "{DA913515-B87F-48B5-BC99-EC51A8952CE5}"
EndProject
Global
	GlobalSection(SolutionConfigurationPlatforms) = preSolution
		Debug|Any CPU = Debug|Any CPU
		Release|Any CPU = Release|Any CPU
	EndGlobalSection
	GlobalSection(ProjectConfigurationPlatforms) = postSolution
		{DA913515-B87F-48B5-BC99-EC51A8952CE5}.Debug|Any CPU.ActiveCfg = Debug|Any CPU
		{DA913515-B87F-48B5-BC99-EC51A8952CE5}.Debug|Any CPU.Build.0 = Debug|Any CPU
		{DA913515-B87F-48B5-BC99-EC51A8952CE5}.Release|Any CPU.ActiveCfg = Release|Any CPU
		{DA913515-B87F-48B5-BC99-EC51A8952CE5}.Release|Any CPU.Build.0 = Release|Any CPU
	EndGlobalSection
	GlobalSection(SolutionProperties) = preSolution
		HideSolutionNode = FALSE
	EndGlobalSection
	GlobalSection(ExtensibilityGlobals) = postSolution
		SolutionGuid = {AA56AEDD-A69E-4F4B-A523-F53936175FB6}
	EndGlobalSection
EndGlobal
